
Microsoft Visual Studio Solution File, Format Version 12.00
# Visual Studio 15
VisualStudioVersion = 15.0.26228.12
MinimumVisualStudioVersion = 10.0.40219.1
Project("{FAE04EC0-301F-11D3-BF4B-00C04F79EFBC}") = "SpruceFramework", "SpruceFramework\SpruceFramework.csproj", "{2E50D3D8-6987-4572-8097-F01545BB9C2B}"
EndProject
Project("{2150E333-8FDC-42A3-9474-1A3956D46DE8}") = "Sample", "Sample", "{F33CFA87-3667-418E-A487-16CD24F31ADF}"
EndProject
Project("{FAE04EC0-301F-11D3-BF4B-00C04F79EFBC}") = "SampleApp", "SampleApp\SampleApp.csproj", "{8F5AD5DB-CD73-4E1D-8B25-03C8E9758686}"
EndProject
Project("{2150E333-8FDC-42A3-9474-1A3956D46DE8}") = "Tests", "Tests", "{78ACE309-A5DD-44B6-A245-19BE94067041}"
EndProject
Project("{FAE04EC0-301F-11D3-BF4B-00C04F79EFBC}") = "SpruceFramework.Tests", "SpruceFramework.Tests\SpruceFramework.Tests.csproj", "{C44DE373-A575-4F3D-9B71-293B4DAFB0F8}"
EndProject
Project("{FAE04EC0-301F-11D3-BF4B-00C04F79EFBC}") = "SpruceFramework.Tests.Data", "SpruceFramework.Tests.Data\SpruceFramework.Tests.Data.csproj", "{A4A0B879-0208-45F7-B73C-3001270A1BCC}"
EndProject
Global
	GlobalSection(SolutionConfigurationPlatforms) = preSolution
		Debug|Any CPU = Debug|Any CPU
		Release|Any CPU = Release|Any CPU
	EndGlobalSection
	GlobalSection(ProjectConfigurationPlatforms) = postSolution
		{2E50D3D8-6987-4572-8097-F01545BB9C2B}.Debug|Any CPU.ActiveCfg = Debug|Any CPU
		{2E50D3D8-6987-4572-8097-F01545BB9C2B}.Debug|Any CPU.Build.0 = Debug|Any CPU
		{2E50D3D8-6987-4572-8097-F01545BB9C2B}.Release|Any CPU.ActiveCfg = Release|Any CPU
		{2E50D3D8-6987-4572-8097-F01545BB9C2B}.Release|Any CPU.Build.0 = Release|Any CPU
		{8F5AD5DB-CD73-4E1D-8B25-03C8E9758686}.Debug|Any CPU.ActiveCfg = Debug|Any CPU
		{8F5AD5DB-CD73-4E1D-8B25-03C8E9758686}.Debug|Any CPU.Build.0 = Debug|Any CPU
		{8F5AD5DB-CD73-4E1D-8B25-03C8E9758686}.Release|Any CPU.ActiveCfg = Release|Any CPU
		{8F5AD5DB-CD73-4E1D-8B25-03C8E9758686}.Release|Any CPU.Build.0 = Release|Any CPU
		{C44DE373-A575-4F3D-9B71-293B4DAFB0F8}.Debug|Any CPU.ActiveCfg = Debug|Any CPU
		{C44DE373-A575-4F3D-9B71-293B4DAFB0F8}.Debug|Any CPU.Build.0 = Debug|Any CPU
		{C44DE373-A575-4F3D-9B71-293B4DAFB0F8}.Release|Any CPU.ActiveCfg = Release|Any CPU
		{C44DE373-A575-4F3D-9B71-293B4DAFB0F8}.Release|Any CPU.Build.0 = Release|Any CPU
		{A4A0B879-0208-45F7-B73C-3001270A1BCC}.Debug|Any CPU.ActiveCfg = Debug|Any CPU
		{A4A0B879-0208-45F7-B73C-3001270A1BCC}.Debug|Any CPU.Build.0 = Debug|Any CPU
		{A4A0B879-0208-45F7-B73C-3001270A1BCC}.Release|Any CPU.ActiveCfg = Release|Any CPU
		{A4A0B879-0208-45F7-B73C-3001270A1BCC}.Release|Any CPU.Build.0 = Release|Any CPU
	EndGlobalSection
	GlobalSection(SolutionProperties) = preSolution
		HideSolutionNode = FALSE
	EndGlobalSection
	GlobalSection(NestedProjects) = preSolution
		{8F5AD5DB-CD73-4E1D-8B25-03C8E9758686} = {F33CFA87-3667-418E-A487-16CD24F31ADF}
		{C44DE373-A575-4F3D-9B71-293B4DAFB0F8} = {78ACE309-A5DD-44B6-A245-19BE94067041}
		{A4A0B879-0208-45F7-B73C-3001270A1BCC} = {78ACE309-A5DD-44B6-A245-19BE94067041}
	EndGlobalSection
EndGlobal
